// !$*UTF8*$!
{
	archiveVersion = 1;
	classes = {
	};
	objectVersion = 50;
	objects = {

/* Begin PBXBuildFile section */
		C21E64A021AC1A3300E11CEC /* AppDelegate.swift in Sources */ = {isa = PBXBuildFile; fileRef = C21E649F21AC1A3300E11CEC /* AppDelegate.swift */; };
		C21E64A221AC1A3300E11CEC /* ViewController.swift in Sources */ = {isa = PBXBuildFile; fileRef = C21E64A121AC1A3300E11CEC /* ViewController.swift */; };
		C21E64A521AC1A3300E11CEC /* Main.storyboard in Resources */ = {isa = PBXBuildFile; fileRef = C21E64A321AC1A3300E11CEC /* Main.storyboard */; };
		C21E64A721AC1A3400E11CEC /* Assets.xcassets in Resources */ = {isa = PBXBuildFile; fileRef = C21E64A621AC1A3400E11CEC /* Assets.xcassets */; };
		C21E64AA21AC1A3400E11CEC /* LaunchScreen.storyboard in Resources */ = {isa = PBXBuildFile; fileRef = C21E64A821AC1A3400E11CEC /* LaunchScreen.storyboard */; };
		C21E64B921AC1C6500E11CEC /* ZJMVCViewController.swift in Sources */ = {isa = PBXBuildFile; fileRef = C21E64B821AC1C6500E11CEC /* ZJMVCViewController.swift */; };
		C21E64BB21AC273F00E11CEC /* MVVMViewController.swift in Sources */ = {isa = PBXBuildFile; fileRef = C21E64BA21AC273F00E11CEC /* MVVMViewController.swift */; };
		C21E64BD21AC285E00E11CEC /* MVVMManager.swift in Sources */ = {isa = PBXBuildFile; fileRef = C21E64BC21AC285E00E11CEC /* MVVMManager.swift */; };
		C21E64BF21AC2EA800E11CEC /* MJRefresh+Rx.swift in Sources */ = {isa = PBXBuildFile; fileRef = C21E64BE21AC2EA800E11CEC /* MJRefresh+Rx.swift */; };
		C72275F228F927DC3A06794F /* Pods_RefreshTest.framework in Frameworks */ = {isa = PBXBuildFile; fileRef = 136681D98930341E3DE36260 /* Pods_RefreshTest.framework */; };
		F789F400221BA96D001DB108 /* ParallaxViewController.swift in Sources */ = {isa = PBXBuildFile; fileRef = F789F3FF221BA96D001DB108 /* ParallaxViewController.swift */; };
		F789F405221BA97E001DB108 /* ParallaxHeaderMode.swift in Sources */ = {isa = PBXBuildFile; fileRef = F789F402221BA97E001DB108 /* ParallaxHeaderMode.swift */; };
		F789F406221BA97E001DB108 /* UIScrollView+ParallaxHeader.swift in Sources */ = {isa = PBXBuildFile; fileRef = F789F403221BA97E001DB108 /* UIScrollView+ParallaxHeader.swift */; };
		F789F407221BA97E001DB108 /* ParallaxHeader.swift in Sources */ = {isa = PBXBuildFile; fileRef = F789F404221BA97E001DB108 /* ParallaxHeader.swift */; };
		F789F409221BAA00001DB108 /* ParallaxImageView.swift in Sources */ = {isa = PBXBuildFile; fileRef = F789F408221BAA00001DB108 /* ParallaxImageView.swift */; };
		F789F40C221BB372001DB108 /* ZJBaseNavigationController.swift in Sources */ = {isa = PBXBuildFile; fileRef = F789F40B221BB372001DB108 /* ZJBaseNavigationController.swift */; };
		F789F40E221BCD3C001DB108 /* ZJBaseViewController.swift in Sources */ = {isa = PBXBuildFile; fileRef = F789F40D221BCD3C001DB108 /* ZJBaseViewController.swift */; };
		F7B8BB83221BE2FC00C04FDA /* ZJCommon.swift in Sources */ = {isa = PBXBuildFile; fileRef = F7B8BB82221BE2FC00C04FDA /* ZJCommon.swift */; };
		F7CFCFE9222504AD008263A3 /* PersonModel.swift in Sources */ = {isa = PBXBuildFile; fileRef = F7CFCFE8222504AD008263A3 /* PersonModel.swift */; };
/* End PBXBuildFile section */

/* Begin PBXFileReference section */
		136681D98930341E3DE36260 /* Pods_RefreshTest.framework */ = {isa = PBXFileReference; explicitFileType = wrapper.framework; includeInIndex = 0; path = Pods_RefreshTest.framework; sourceTree = BUILT_PRODUCTS_DIR; };
		20C9BD96DB639F65A96270DF /* Pods-RefreshTest.release.xcconfig */ = {isa = PBXFileReference; includeInIndex = 1; lastKnownFileType = text.xcconfig; name = "Pods-RefreshTest.release.xcconfig"; path = "Pods/Target Support Files/Pods-RefreshTest/Pods-RefreshTest.release.xcconfig"; sourceTree = "<group>"; };
		3A3CB6A41A6738B0A8E888DD /* Pods-RefreshTest.debug.xcconfig */ = {isa = PBXFileReference; includeInIndex = 1; lastKnownFileType = text.xcconfig; name = "Pods-RefreshTest.debug.xcconfig"; path = "Pods/Target Support Files/Pods-RefreshTest/Pods-RefreshTest.debug.xcconfig"; sourceTree = "<group>"; };
		C21E649C21AC1A3300E11CEC /* RefreshTest.app */ = {isa = PBXFileReference; explicitFileType = wrapper.application; includeInIndex = 0; path = RefreshTest.app; sourceTree = BUILT_PRODUCTS_DIR; };
		C21E649F21AC1A3300E11CEC /* AppDelegate.swift */ = {isa = PBXFileReference; lastKnownFileType = sourcecode.swift; path = AppDelegate.swift; sourceTree = "<group>"; };
		C21E64A121AC1A3300E11CEC /* ViewController.swift */ = {isa = PBXFileReference; lastKnownFileType = sourcecode.swift; path = ViewController.swift; sourceTree = "<group>"; };
		C21E64A421AC1A3300E11CEC /* Base */ = {isa = PBXFileReference; lastKnownFileType = file.storyboard; name = Base; path = Base.lproj/Main.storyboard; sourceTree = "<group>"; };
		C21E64A621AC1A3400E11CEC /* Assets.xcassets */ = {isa = PBXFileReference; lastKnownFileType = folder.assetcatalog; path = Assets.xcassets; sourceTree = "<group>"; };
		C21E64A921AC1A3400E11CEC /* Base */ = {isa = PBXFileReference; lastKnownFileType = file.storyboard; name = Base; path = Base.lproj/LaunchScreen.storyboard; sourceTree = "<group>"; };
		C21E64AB21AC1A3400E11CEC /* Info.plist */ = {isa = PBXFileReference; lastKnownFileType = text.plist.xml; path = Info.plist; sourceTree = "<group>"; };
		C21E64B821AC1C6500E11CEC /* ZJMVCViewController.swift */ = {isa = PBXFileReference; lastKnownFileType = sourcecode.swift; path = ZJMVCViewController.swift; sourceTree = "<group>"; };
		C21E64BA21AC273F00E11CEC /* MVVMViewController.swift */ = {isa = PBXFileReference; lastKnownFileType = sourcecode.swift; path = MVVMViewController.swift; sourceTree = "<group>"; };
		C21E64BC21AC285E00E11CEC /* MVVMManager.swift */ = {isa = PBXFileReference; lastKnownFileType = sourcecode.swift; path = MVVMManager.swift; sourceTree = "<group>"; };
		C21E64BE21AC2EA800E11CEC /* MJRefresh+Rx.swift */ = {isa = PBXFileReference; fileEncoding = 4; lastKnownFileType = sourcecode.swift; path = "MJRefresh+Rx.swift"; sourceTree = "<group>"; };
		F789F3FF221BA96D001DB108 /* ParallaxViewController.swift */ = {isa = PBXFileReference; lastKnownFileType = sourcecode.swift; path = ParallaxViewController.swift; sourceTree = "<group>"; };
		F789F402221BA97E001DB108 /* ParallaxHeaderMode.swift */ = {isa = PBXFileReference; fileEncoding = 4; lastKnownFileType = sourcecode.swift; path = ParallaxHeaderMode.swift; sourceTree = "<group>"; };
		F789F403221BA97E001DB108 /* UIScrollView+ParallaxHeader.swift */ = {isa = PBXFileReference; fileEncoding = 4; lastKnownFileType = sourcecode.swift; path = "UIScrollView+ParallaxHeader.swift"; sourceTree = "<group>"; };
		F789F404221BA97E001DB108 /* ParallaxHeader.swift */ = {isa = PBXFileReference; fileEncoding = 4; lastKnownFileType = sourcecode.swift; path = ParallaxHeader.swift; sourceTree = "<group>"; };
		F789F408221BAA00001DB108 /* ParallaxImageView.swift */ = {isa = PBXFileReference; lastKnownFileType = sourcecode.swift; path = ParallaxImageView.swift; sourceTree = "<group>"; };
		F789F40B221BB372001DB108 /* ZJBaseNavigationController.swift */ = {isa = PBXFileReference; lastKnownFileType = sourcecode.swift; path = ZJBaseNavigationController.swift; sourceTree = "<group>"; };
		F789F40D221BCD3C001DB108 /* ZJBaseViewController.swift */ = {isa = PBXFileReference; lastKnownFileType = sourcecode.swift; path = ZJBaseViewController.swift; sourceTree = "<group>"; };
		F7B8BB82221BE2FC00C04FDA /* ZJCommon.swift */ = {isa = PBXFileReference; lastKnownFileType = sourcecode.swift; path = ZJCommon.swift; sourceTree = "<group>"; };
		F7CFCFE8222504AD008263A3 /* PersonModel.swift */ = {isa = PBXFileReference; lastKnownFileType = sourcecode.swift; path = PersonModel.swift; sourceTree = "<group>"; };
/* End PBXFileReference section */

/* Begin PBXFrameworksBuildPhase section */
		C21E649921AC1A3300E11CEC /* Frameworks */ = {
			isa = PBXFrameworksBuildPhase;
			buildActionMask = 2147483647;
			files = (
				C72275F228F927DC3A06794F /* Pods_RefreshTest.framework in Frameworks */,
			);
			runOnlyForDeploymentPostprocessing = 0;
		};
/* End PBXFrameworksBuildPhase section */

/* Begin PBXGroup section */
		7EC319DC949656282E629276 /* Pods */ = {
			isa = PBXGroup;
			children = (
				3A3CB6A41A6738B0A8E888DD /* Pods-RefreshTest.debug.xcconfig */,
				20C9BD96DB639F65A96270DF /* Pods-RefreshTest.release.xcconfig */,
			);
			name = Pods;
			sourceTree = "<group>";
		};
		C21E649321AC1A3300E11CEC = {
			isa = PBXGroup;
			children = (
				C21E649E21AC1A3300E11CEC /* RefreshTest */,
				C21E649D21AC1A3300E11CEC /* Products */,
				7EC319DC949656282E629276 /* Pods */,
				DDFCC663BBD9517DF8FA4422 /* Frameworks */,
			);
			sourceTree = "<group>";
		};
		C21E649D21AC1A3300E11CEC /* Products */ = {
			isa = PBXGroup;
			children = (
				C21E649C21AC1A3300E11CEC /* RefreshTest.app */,
			);
			name = Products;
			sourceTree = "<group>";
		};
		C21E649E21AC1A3300E11CEC /* RefreshTest */ = {
			isa = PBXGroup;
			children = (
				F7CFCFE722250479008263A3 /* Model */,
				F789F40A221BB33C001DB108 /* Base */,
				F789F401221BA97E001DB108 /* ParallaxHeader */,
				F789F3FE221BA8EA001DB108 /* ParallaxView */,
				C21E64B721AC1C3900E11CEC /* MVVM */,
				C21E649F21AC1A3300E11CEC /* AppDelegate.swift */,
				C21E64A121AC1A3300E11CEC /* ViewController.swift */,
				C21E64A321AC1A3300E11CEC /* Main.storyboard */,
				C21E64A621AC1A3400E11CEC /* Assets.xcassets */,
				C21E64A821AC1A3400E11CEC /* LaunchScreen.storyboard */,
				C21E64AB21AC1A3400E11CEC /* Info.plist */,
				C21E64B821AC1C6500E11CEC /* ZJMVCViewController.swift */,
				F7B8BB82221BE2FC00C04FDA /* ZJCommon.swift */,
			);
			path = RefreshTest;
			sourceTree = "<group>";
		};
		C21E64B721AC1C3900E11CEC /* MVVM */ = {
			isa = PBXGroup;
			children = (
				C21E64BA21AC273F00E11CEC /* MVVMViewController.swift */,
				C21E64BC21AC285E00E11CEC /* MVVMManager.swift */,
				C21E64BE21AC2EA800E11CEC /* MJRefresh+Rx.swift */,
			);
			path = MVVM;
			sourceTree = "<group>";
		};
		DDFCC663BBD9517DF8FA4422 /* Frameworks */ = {
			isa = PBXGroup;
			children = (
				136681D98930341E3DE36260 /* Pods_RefreshTest.framework */,
			);
			name = Frameworks;
			sourceTree = "<group>";
		};
		F789F3FE221BA8EA001DB108 /* ParallaxView */ = {
			isa = PBXGroup;
			children = (
				F789F3FF221BA96D001DB108 /* ParallaxViewController.swift */,
				F789F408221BAA00001DB108 /* ParallaxImageView.swift */,
			);
			path = ParallaxView;
			sourceTree = "<group>";
		};
		F789F401221BA97E001DB108 /* ParallaxHeader */ = {
			isa = PBXGroup;
			children = (
				F789F402221BA97E001DB108 /* ParallaxHeaderMode.swift */,
				F789F403221BA97E001DB108 /* UIScrollView+ParallaxHeader.swift */,
				F789F404221BA97E001DB108 /* ParallaxHeader.swift */,
			);
			path = ParallaxHeader;
			sourceTree = "<group>";
		};
		F789F40A221BB33C001DB108 /* Base */ = {
			isa = PBXGroup;
			children = (
				F789F40B221BB372001DB108 /* ZJBaseNavigationController.swift */,
				F789F40D221BCD3C001DB108 /* ZJBaseViewController.swift */,
			);
			path = Base;
			sourceTree = "<group>";
		};
		F7CFCFE722250479008263A3 /* Model */ = {
			isa = PBXGroup;
			children = (
				F7CFCFE8222504AD008263A3 /* PersonModel.swift */,
			);
			path = Model;
			sourceTree = "<group>";
		};
/* End PBXGroup section */

/* Begin PBXNativeTarget section */
		C21E649B21AC1A3300E11CEC /* RefreshTest */ = {
			isa = PBXNativeTarget;
			buildConfigurationList = C21E64AE21AC1A3400E11CEC /* Build configuration list for PBXNativeTarget "RefreshTest" */;
			buildPhases = (
				FD913D247B59767F31879F74 /* [CP] Check Pods Manifest.lock */,
				C21E649821AC1A3300E11CEC /* Sources */,
				C21E649921AC1A3300E11CEC /* Frameworks */,
				C21E649A21AC1A3300E11CEC /* Resources */,
				91298B988D67F265424254DE /* [CP] Embed Pods Frameworks */,
				5C4ED134E70F2D4A413386E7 /* [CP] Copy Pods Resources */,
			);
			buildRules = (
			);
			dependencies = (
			);
			name = RefreshTest;
			productName = RefreshTest;
			productReference = C21E649C21AC1A3300E11CEC /* RefreshTest.app */;
			productType = "com.apple.product-type.application";
		};
/* End PBXNativeTarget section */

/* Begin PBXProject section */
		C21E649421AC1A3300E11CEC /* Project object */ = {
			isa = PBXProject;
			attributes = {
				LastSwiftUpdateCheck = 1000;
				LastUpgradeCheck = 1000;
				ORGANIZATIONNAME = "张江";
				TargetAttributes = {
					C21E649B21AC1A3300E11CEC = {
						CreatedOnToolsVersion = 10.0;
					};
				};
			};
			buildConfigurationList = C21E649721AC1A3300E11CEC /* Build configuration list for PBXProject "RefreshTest" */;
			compatibilityVersion = "Xcode 9.3";
			developmentRegion = en;
			hasScannedForEncodings = 0;
			knownRegions = (
				en,
				Base,
			);
			mainGroup = C21E649321AC1A3300E11CEC;
			productRefGroup = C21E649D21AC1A3300E11CEC /* Products */;
			projectDirPath = "";
			projectRoot = "";
			targets = (
				C21E649B21AC1A3300E11CEC /* RefreshTest */,
			);
		};
/* End PBXProject section */

/* Begin PBXResourcesBuildPhase section */
		C21E649A21AC1A3300E11CEC /* Resources */ = {
			isa = PBXResourcesBuildPhase;
			buildActionMask = 2147483647;
			files = (
				C21E64AA21AC1A3400E11CEC /* LaunchScreen.storyboard in Resources */,
				C21E64A721AC1A3400E11CEC /* Assets.xcassets in Resources */,
				C21E64A521AC1A3300E11CEC /* Main.storyboard in Resources */,
			);
			runOnlyForDeploymentPostprocessing = 0;
		};
/* End PBXResourcesBuildPhase section */

/* Begin PBXShellScriptBuildPhase section */
		5C4ED134E70F2D4A413386E7 /* [CP] Copy Pods Resources */ = {
			isa = PBXShellScriptBuildPhase;
			buildActionMask = 2147483647;
			files = (
			);
			inputPaths = (
			);
			name = "[CP] Copy Pods Resources";
			outputPaths = (
			);
			runOnlyForDeploymentPostprocessing = 0;
			shellPath = /bin/sh;
			shellScript = "\"${SRCROOT}/Pods/Target Support Files/Pods-RefreshTest/Pods-RefreshTest-resources.sh\"\n";
			showEnvVarsInLog = 0;
		};
		91298B988D67F265424254DE /* [CP] Embed Pods Frameworks */ = {
			isa = PBXShellScriptBuildPhase;
			buildActionMask = 2147483647;
			files = (
			);
			inputPaths = (
				"${SRCROOT}/Pods/Target Support Files/Pods-RefreshTest/Pods-RefreshTest-frameworks.sh",
				"${BUILT_PRODUCTS_DIR}/Differentiator/Differentiator.framework",
				"${BUILT_PRODUCTS_DIR}/MJRefresh/MJRefresh.framework",
				"${BUILT_PRODUCTS_DIR}/RxAtomic/RxAtomic.framework",
				"${BUILT_PRODUCTS_DIR}/RxCocoa/RxCocoa.framework",
				"${BUILT_PRODUCTS_DIR}/RxDataSources/RxDataSources.framework",
				"${BUILT_PRODUCTS_DIR}/RxSwift/RxSwift.framework",
				"${BUILT_PRODUCTS_DIR}/SnapKit/SnapKit.framework",
			);
			name = "[CP] Embed Pods Frameworks";
			outputPaths = (
				"${TARGET_BUILD_DIR}/${FRAMEWORKS_FOLDER_PATH}/Differentiator.framework",
				"${TARGET_BUILD_DIR}/${FRAMEWORKS_FOLDER_PATH}/MJRefresh.framework",
				"${TARGET_BUILD_DIR}/${FRAMEWORKS_FOLDER_PATH}/RxAtomic.framework",
				"${TARGET_BUILD_DIR}/${FRAMEWORKS_FOLDER_PATH}/RxCocoa.framework",
				"${TARGET_BUILD_DIR}/${FRAMEWORKS_FOLDER_PATH}/RxDataSources.framework",
				"${TARGET_BUILD_DIR}/${FRAMEWORKS_FOLDER_PATH}/RxSwift.framework",
				"${TARGET_BUILD_DIR}/${FRAMEWORKS_FOLDER_PATH}/SnapKit.framework",
			);
			runOnlyForDeploymentPostprocessing = 0;
			shellPath = /bin/sh;
			shellScript = "\"${SRCROOT}/Pods/Target Support Files/Pods-RefreshTest/Pods-RefreshTest-frameworks.sh\"\n";
			showEnvVarsInLog = 0;
		};
		FD913D247B59767F31879F74 /* [CP] Check Pods Manifest.lock */ = {
			isa = PBXShellScriptBuildPhase;
			buildActionMask = 2147483647;
			files = (
			);
			inputPaths = (
				"${PODS_PODFILE_DIR_PATH}/Podfile.lock",
				"${PODS_ROOT}/Manifest.lock",
			);
			name = "[CP] Check Pods Manifest.lock";
			outputPaths = (
				"$(DERIVED_FILE_DIR)/Pods-RefreshTest-checkManifestLockResult.txt",
			);
			runOnlyForDeploymentPostprocessing = 0;
			shellPath = /bin/sh;
			shellScript = "diff \"${PODS_PODFILE_DIR_PATH}/Podfile.lock\" \"${PODS_ROOT}/Manifest.lock\" > /dev/null\nif [ $? != 0 ] ; then\n    # print error to STDERR\n    echo \"error: The sandbox is not in sync with the Podfile.lock. Run 'pod install' or update your CocoaPods installation.\" >&2\n    exit 1\nfi\n# This output is used by Xcode 'outputs' to avoid re-running this script phase.\necho \"SUCCESS\" > \"${SCRIPT_OUTPUT_FILE_0}\"\n";
			showEnvVarsInLog = 0;
		};
/* End PBXShellScriptBuildPhase section */

/* Begin PBXSourcesBuildPhase section */
		C21E649821AC1A3300E11CEC /* Sources */ = {
			isa = PBXSourcesBuildPhase;
			buildActionMask = 2147483647;
			files = (
				F789F40C221BB372001DB108 /* ZJBaseNavigationController.swift in Sources */,
				C21E64BB21AC273F00E11CEC /* MVVMViewController.swift in Sources */,
				C21E64A221AC1A3300E11CEC /* ViewController.swift in Sources */,
				F789F409221BAA00001DB108 /* ParallaxImageView.swift in Sources */,
				F7B8BB83221BE2FC00C04FDA /* ZJCommon.swift in Sources */,
				C21E64BD21AC285E00E11CEC /* MVVMManager.swift in Sources */,
				F789F406221BA97E001DB108 /* UIScrollView+ParallaxHeader.swift in Sources */,
				C21E64B921AC1C6500E11CEC /* ZJMVCViewController.swift in Sources */,
				C21E64BF21AC2EA800E11CEC /* MJRefresh+Rx.swift in Sources */,
				F789F400221BA96D001DB108 /* ParallaxViewController.swift in Sources */,
				F789F40E221BCD3C001DB108 /* ZJBaseViewController.swift in Sources */,
				F789F405221BA97E001DB108 /* ParallaxHeaderMode.swift in Sources */,
				F7CFCFE9222504AD008263A3 /* PersonModel.swift in Sources */,
				C21E64A021AC1A3300E11CEC /* AppDelegate.swift in Sources */,
				F789F407221BA97E001DB108 /* ParallaxHeader.swift in Sources */,
			);
			runOnlyForDeploymentPostprocessing = 0;
		};
/* End PBXSourcesBuildPhase section */

/* Begin PBXVariantGroup section */
		C21E64A321AC1A3300E11CEC /* Main.storyboard */ = {
			isa = PBXVariantGroup;
			children = (
				C21E64A421AC1A3300E11CEC /* Base */,
			);
			name = Main.storyboard;
			sourceTree = "<group>";
		};
		C21E64A821AC1A3400E11CEC /* LaunchScreen.storyboard */ = {
			isa = PBXVariantGroup;
			children = (
				C21E64A921AC1A3400E11CEC /* Base */,
			);
			name = LaunchScreen.storyboard;
			sourceTree = "<group>";
		};
/* End PBXVariantGroup section */

/* Begin XCBuildConfiguration section */
		C21E64AC21AC1A3400E11CEC /* Debug */ = {
			isa = XCBuildConfiguration;
			buildSettings = {
				ALWAYS_SEARCH_USER_PATHS = NO;
				CLANG_ANALYZER_NONNULL = YES;
				CLANG_ANALYZER_NUMBER_OBJECT_CONVERSION = YES_AGGRESSIVE;
				CLANG_CXX_LANGUAGE_STANDARD = "gnu++14";
				CLANG_CXX_LIBRARY = "libc++";
				CLANG_ENABLE_MODULES = YES;
				CLANG_ENABLE_OBJC_ARC = YES;
				CLANG_ENABLE_OBJC_WEAK = YES;
				CLANG_WARN_BLOCK_CAPTURE_AUTORELEASING = YES;
				CLANG_WARN_BOOL_CONVERSION = YES;
				CLANG_WARN_COMMA = YES;
				CLANG_WARN_CONSTANT_CONVERSION = YES;
				CLANG_WARN_DEPRECATED_OBJC_IMPLEMENTATIONS = YES;
				CLANG_WARN_DIRECT_OBJC_ISA_USAGE = YES_ERROR;
				CLANG_WARN_DOCUMENTATION_COMMENTS = YES;
				CLANG_WARN_EMPTY_BODY = YES;
				CLANG_WARN_ENUM_CONVERSION = YES;
				CLANG_WARN_INFINITE_RECURSION = YES;
				CLANG_WARN_INT_CONVERSION = YES;
				CLANG_WARN_NON_LITERAL_NULL_CONVERSION = YES;
				CLANG_WARN_OBJC_IMPLICIT_RETAIN_SELF = YES;
				CLANG_WARN_OBJC_LITERAL_CONVERSION = YES;
				CLANG_WARN_OBJC_ROOT_CLASS = YES_ERROR;
				CLANG_WARN_RANGE_LOOP_ANALYSIS = YES;
				CLANG_WARN_STRICT_PROTOTYPES = YES;
				CLANG_WARN_SUSPICIOUS_MOVE = YES;
				CLANG_WARN_UNGUARDED_AVAILABILITY = YES_AGGRESSIVE;
				CLANG_WARN_UNREACHABLE_CODE = YES;
				CLANG_WARN__DUPLICATE_METHOD_MATCH = YES;
				CODE_SIGN_IDENTITY = "iPhone Developer";
				COPY_PHASE_STRIP = NO;
				DEBUG_INFORMATION_FORMAT = dwarf;
				ENABLE_STRICT_OBJC_MSGSEND = YES;
				ENABLE_TESTABILITY = YES;
				GCC_C_LANGUAGE_STANDARD = gnu11;
				GCC_DYNAMIC_NO_PIC = NO;
				GCC_NO_COMMON_BLOCKS = YES;
				GCC_OPTIMIZATION_LEVEL = 0;
				GCC_PREPROCESSOR_DEFINITIONS = (
					"DEBUG=1",
					"$(inherited)",
				);
				GCC_WARN_64_TO_32_BIT_CONVERSION = YES;
				GCC_WARN_ABOUT_RETURN_TYPE = YES_ERROR;
				GCC_WARN_UNDECLARED_SELECTOR = YES;
				GCC_WARN_UNINITIALIZED_AUTOS = YES_AGGRESSIVE;
				GCC_WARN_UNUSED_FUNCTION = YES;
				GCC_WARN_UNUSED_VARIABLE = YES;
				IPHONEOS_DEPLOYMENT_TARGET = 12.0;
				MTL_ENABLE_DEBUG_INFO = INCLUDE_SOURCE;
				MTL_FAST_MATH = YES;
				ONLY_ACTIVE_ARCH = YES;
				SDKROOT = iphoneos;
				SWIFT_ACTIVE_COMPILATION_CONDITIONS = DEBUG;
				SWIFT_OPTIMIZATION_LEVEL = "-Onone";
			};
			name = Debug;
		};
		C21E64AD21AC1A3400E11CEC /* Release */ = {
			isa = XCBuildConfiguration;
			buildSettings = {
				ALWAYS_SEARCH_USER_PATHS = NO;
				CLANG_ANALYZER_NONNULL = YES;
				CLANG_ANALYZER_NUMBER_OBJECT_CONVERSION = YES_AGGRESSIVE;
				CLANG_CXX_LANGUAGE_STANDARD = "gnu++14";
				CLANG_CXX_LIBRARY = "libc++";
				CLANG_ENABLE_MODULES = YES;
				CLANG_ENABLE_OBJC_ARC = YES;
				CLANG_ENABLE_OBJC_WEAK = YES;
				CLANG_WARN_BLOCK_CAPTURE_AUTORELEASING = YES;
				CLANG_WARN_BOOL_CONVERSION = YES;
				CLANG_WARN_COMMA = YES;
				CLANG_WARN_CONSTANT_CONVERSION = YES;
				CLANG_WARN_DEPRECATED_OBJC_IMPLEMENTATIONS = YES;
				CLANG_WARN_DIRECT_OBJC_ISA_USAGE = YES_ERROR;
				CLANG_WARN_DOCUMENTATION_COMMENTS = YES;
				CLANG_WARN_EMPTY_BODY = YES;
				CLANG_WARN_ENUM_CONVERSION = YES;
				CLANG_WARN_INFINITE_RECURSION = YES;
				CLANG_WARN_INT_CONVERSION = YES;
				CLANG_WARN_NON_LITERAL_NULL_CONVERSION = YES;
				CLANG_WARN_OBJC_IMPLICIT_RETAIN_SELF = YES;
				CLANG_WARN_OBJC_LITERAL_CONVERSION = YES;
				CLANG_WARN_OBJC_ROOT_CLASS = YES_ERROR;
				CLANG_WARN_RANGE_LOOP_ANALYSIS = YES;
				CLANG_WARN_STRICT_PROTOTYPES = YES;
				CLANG_WARN_SUSPICIOUS_MOVE = YES;
				CLANG_WARN_UNGUARDED_AVAILABILITY = YES_AGGRESSIVE;
				CLANG_WARN_UNREACHABLE_CODE = YES;
				CLANG_WARN__DUPLICATE_METHOD_MATCH = YES;
				CODE_SIGN_IDENTITY = "iPhone Developer";
				COPY_PHASE_STRIP = NO;
				DEBUG_INFORMATION_FORMAT = "dwarf-with-dsym";
				ENABLE_NS_ASSERTIONS = NO;
				ENABLE_STRICT_OBJC_MSGSEND = YES;
				GCC_C_LANGUAGE_STANDARD = gnu11;
				GCC_NO_COMMON_BLOCKS = YES;
				GCC_WARN_64_TO_32_BIT_CONVERSION = YES;
				GCC_WARN_ABOUT_RETURN_TYPE = YES_ERROR;
				GCC_WARN_UNDECLARED_SELECTOR = YES;
				GCC_WARN_UNINITIALIZED_AUTOS = YES_AGGRESSIVE;
				GCC_WARN_UNUSED_FUNCTION = YES;
				GCC_WARN_UNUSED_VARIABLE = YES;
				IPHONEOS_DEPLOYMENT_TARGET = 12.0;
				MTL_ENABLE_DEBUG_INFO = NO;
				MTL_FAST_MATH = YES;
				SDKROOT = iphoneos;
				SWIFT_COMPILATION_MODE = wholemodule;
				SWIFT_OPTIMIZATION_LEVEL = "-O";
				VALIDATE_PRODUCT = YES;
			};
			name = Release;
		};
		C21E64AF21AC1A3400E11CEC /* Debug */ = {
			isa = XCBuildConfiguration;
			baseConfigurationReference = 3A3CB6A41A6738B0A8E888DD /* Pods-RefreshTest.debug.xcconfig */;
			buildSettings = {
				ASSETCATALOG_COMPILER_APPICON_NAME = AppIcon;
				CODE_SIGN_STYLE = Automatic;
				DEVELOPMENT_TEAM = 4K3WVJAW63;
				INFOPLIST_FILE = RefreshTest/Info.plist;
				IPHONEOS_DEPLOYMENT_TARGET = 9.0;
				LD_RUNPATH_SEARCH_PATHS = (
					"$(inherited)",
					"@executable_path/Frameworks",
				);
				PRODUCT_BUNDLE_IDENTIFIER = Zhangjiang.RefreshTest;
				PRODUCT_NAME = "$(TARGET_NAME)";
				SWIFT_VERSION = 4.2;
				TARGETED_DEVICE_FAMILY = "1,2";
			};
			name = Debug;
		};
		C21E64B021AC1A3400E11CEC /* Release */ = {
			isa = XCBuildConfiguration;
			baseConfigurationReference = 20C9BD96DB639F65A96270DF /* Pods-RefreshTest.release.xcconfig */;
			buildSettings = {
				ASSETCATALOG_COMPILER_APPICON_NAME = AppIcon;
				CODE_SIGN_STYLE = Automatic;
				DEVELOPMENT_TEAM = 4K3WVJAW63;
				INFOPLIST_FILE = RefreshTest/Info.plist;
				IPHONEOS_DEPLOYMENT_TARGET = 9.0;
				LD_RUNPATH_SEARCH_PATHS = (
					"$(inherited)",
					"@executable_path/Frameworks",
				);
				PRODUCT_BUNDLE_IDENTIFIER = Zhangjiang.RefreshTest;
				PRODUCT_NAME = "$(TARGET_NAME)";
				SWIFT_VERSION = 4.2;
				TARGETED_DEVICE_FAMILY = "1,2";
			};
			name = Release;
		};
/* End XCBuildConfiguration section */

/* Begin XCConfigurationList section */
		C21E649721AC1A3300E11CEC /* Build configuration list for PBXProject "RefreshTest" */ = {
			isa = XCConfigurationList;
			buildConfigurations = (
				C21E64AC21AC1A3400E11CEC /* Debug */,
				C21E64AD21AC1A3400E11CEC /* Release */,
			);
			defaultConfigurationIsVisible = 0;
			defaultConfigurationName = Release;
		};
		C21E64AE21AC1A3400E11CEC /* Build configuration list for PBXNativeTarget "RefreshTest" */ = {
			isa = XCConfigurationList;
			buildConfigurations = (
				C21E64AF21AC1A3400E11CEC /* Debug */,
				C21E64B021AC1A3400E11CEC /* Release */,
			);
			defaultConfigurationIsVisible = 0;
			defaultConfigurationName = Release;
		};
/* End XCConfigurationList section */
	};
	rootObject = C21E649421AC1A3300E11CEC /* Project object */;
}
